// !$*UTF8*$!
{
	archiveVersion = 1;
	classes = {
	};
	objectVersion = 55;
	objects = {

/* Begin PBXBuildFile section */
		9CE4A36E28DB8B270029ECA1 /* AppDelegate.swift in Sources */ = {isa = PBXBuildFile; fileRef = 9CE4A36D28DB8B270029ECA1 /* AppDelegate.swift */; };
		9CE4A37028DB8B270029ECA1 /* SceneDelegate.swift in Sources */ = {isa = PBXBuildFile; fileRef = 9CE4A36F28DB8B270029ECA1 /* SceneDelegate.swift */; };
		9CE4A37528DB8B270029ECA1 /* Main.storyboard in Resources */ = {isa = PBXBuildFile; fileRef = 9CE4A37328DB8B270029ECA1 /* Main.storyboard */; };
		9CE4A37728DB8B280029ECA1 /* Assets.xcassets in Resources */ = {isa = PBXBuildFile; fileRef = 9CE4A37628DB8B280029ECA1 /* Assets.xcassets */; };
		9CE4A37A28DB8B280029ECA1 /* LaunchScreen.storyboard in Resources */ = {isa = PBXBuildFile; fileRef = 9CE4A37828DB8B280029ECA1 /* LaunchScreen.storyboard */; };
		9CE4A38328DB8CB30029ECA1 /* NewsViewController.swift in Sources */ = {isa = PBXBuildFile; fileRef = 9CE4A38228DB8CB30029ECA1 /* NewsViewController.swift */; };
		9CE4A38928DB93430029ECA1 /* Article.swift in Sources */ = {isa = PBXBuildFile; fileRef = 9CE4A38828DB93430029ECA1 /* Article.swift */; };
		9CE4A38C28DB95490029ECA1 /* ArticleTableViewCell.swift in Sources */ = {isa = PBXBuildFile; fileRef = 9CE4A38B28DB95490029ECA1 /* ArticleTableViewCell.swift */; };
		9CE4A38F28DB97060029ECA1 /* URLRequest+Rx.swift in Sources */ = {isa = PBXBuildFile; fileRef = 9CE4A38E28DB97060029ECA1 /* URLRequest+Rx.swift */; };
		E738744FBFF572DB41232D85 /* Pods_GoodNews.framework in Frameworks */ = {isa = PBXBuildFile; fileRef = F4DC52D56714B2540410A4FB /* Pods_GoodNews.framework */; };
/* End PBXBuildFile section */

/* Begin PBXFileReference section */
		14039B04A4BE7F64AF922DCB /* Pods-GoodNews.debug.xcconfig */ = {isa = PBXFileReference; includeInIndex = 1; lastKnownFileType = text.xcconfig; name = "Pods-GoodNews.debug.xcconfig"; path = "Target Support Files/Pods-GoodNews/Pods-GoodNews.debug.xcconfig"; sourceTree = "<group>"; };
		64D4796A92859E27BC5F025E /* Pods-GoodNews.release.xcconfig */ = {isa = PBXFileReference; includeInIndex = 1; lastKnownFileType = text.xcconfig; name = "Pods-GoodNews.release.xcconfig"; path = "Target Support Files/Pods-GoodNews/Pods-GoodNews.release.xcconfig"; sourceTree = "<group>"; };
		9CE4A36A28DB8B270029ECA1 /* GoodNews.app */ = {isa = PBXFileReference; explicitFileType = wrapper.application; includeInIndex = 0; path = GoodNews.app; sourceTree = BUILT_PRODUCTS_DIR; };
		9CE4A36D28DB8B270029ECA1 /* AppDelegate.swift */ = {isa = PBXFileReference; lastKnownFileType = sourcecode.swift; path = AppDelegate.swift; sourceTree = "<group>"; };
		9CE4A36F28DB8B270029ECA1 /* SceneDelegate.swift */ = {isa = PBXFileReference; lastKnownFileType = sourcecode.swift; path = SceneDelegate.swift; sourceTree = "<group>"; };
		9CE4A37428DB8B270029ECA1 /* Base */ = {isa = PBXFileReference; lastKnownFileType = file.storyboard; name = Base; path = Base.lproj/Main.storyboard; sourceTree = "<group>"; };
		9CE4A37628DB8B280029ECA1 /* Assets.xcassets */ = {isa = PBXFileReference; lastKnownFileType = folder.assetcatalog; path = Assets.xcassets; sourceTree = "<group>"; };
		9CE4A37928DB8B280029ECA1 /* Base */ = {isa = PBXFileReference; lastKnownFileType = file.storyboard; name = Base; path = Base.lproj/LaunchScreen.storyboard; sourceTree = "<group>"; };
		9CE4A37B28DB8B280029ECA1 /* Info.plist */ = {isa = PBXFileReference; lastKnownFileType = text.plist.xml; path = Info.plist; sourceTree = "<group>"; };
		9CE4A38228DB8CB30029ECA1 /* NewsViewController.swift */ = {isa = PBXFileReference; lastKnownFileType = sourcecode.swift; path = NewsViewController.swift; sourceTree = "<group>"; };
		9CE4A38828DB93430029ECA1 /* Article.swift */ = {isa = PBXFileReference; lastKnownFileType = sourcecode.swift; path = Article.swift; sourceTree = "<group>"; };
		9CE4A38B28DB95490029ECA1 /* ArticleTableViewCell.swift */ = {isa = PBXFileReference; lastKnownFileType = sourcecode.swift; path = ArticleTableViewCell.swift; sourceTree = "<group>"; };
		9CE4A38E28DB97060029ECA1 /* URLRequest+Rx.swift */ = {isa = PBXFileReference; lastKnownFileType = sourcecode.swift; path = "URLRequest+Rx.swift"; sourceTree = "<group>"; };
		F4DC52D56714B2540410A4FB /* Pods_GoodNews.framework */ = {isa = PBXFileReference; explicitFileType = wrapper.framework; includeInIndex = 0; path = Pods_GoodNews.framework; sourceTree = BUILT_PRODUCTS_DIR; };
/* End PBXFileReference section */

/* Begin PBXFrameworksBuildPhase section */
		9CE4A36728DB8B270029ECA1 /* Frameworks */ = {
			isa = PBXFrameworksBuildPhase;
			buildActionMask = 2147483647;
			files = (
				E738744FBFF572DB41232D85 /* Pods_GoodNews.framework in Frameworks */,
			);
			runOnlyForDeploymentPostprocessing = 0;
		};
/* End PBXFrameworksBuildPhase section */

/* Begin PBXGroup section */
		9CE4A36128DB8B270029ECA1 = {
			isa = PBXGroup;
			children = (
				9CE4A36C28DB8B270029ECA1 /* GoodNews */,
				9CE4A36B28DB8B270029ECA1 /* Products */,
				C374DD043A8E2A41B36D14CE /* Pods */,
				AA6C2C480C9ABE3D9D138CAF /* Frameworks */,
			);
			sourceTree = "<group>";
		};
		9CE4A36B28DB8B270029ECA1 /* Products */ = {
			isa = PBXGroup;
			children = (
				9CE4A36A28DB8B270029ECA1 /* GoodNews.app */,
			);
			name = Products;
			sourceTree = "<group>";
		};
		9CE4A36C28DB8B270029ECA1 /* GoodNews */ = {
			isa = PBXGroup;
			children = (
				9CE4A38428DB8D3F0029ECA1 /* Application */,
				9CE4A38728DB92E70029ECA1 /* Models */,
				9CE4A38128DB8C9F0029ECA1 /* Controllers */,
				9CE4A38528DB906D0029ECA1 /* Storyboards */,
				9CE4A38628DB90770029ECA1 /* Helpers */,
				9CE4A38D28DB96F00029ECA1 /* Extensions */,
				9CE4A37B28DB8B280029ECA1 /* Info.plist */,
			);
			path = GoodNews;
			sourceTree = "<group>";
		};
		9CE4A38128DB8C9F0029ECA1 /* Controllers */ = {
			isa = PBXGroup;
			children = (
				9CE4A38A28DB95370029ECA1 /* View */,
				9CE4A38228DB8CB30029ECA1 /* NewsViewController.swift */,
			);
			path = Controllers;
			sourceTree = "<group>";
		};
		9CE4A38428DB8D3F0029ECA1 /* Application */ = {
			isa = PBXGroup;
			children = (
				9CE4A36D28DB8B270029ECA1 /* AppDelegate.swift */,
				9CE4A36F28DB8B270029ECA1 /* SceneDelegate.swift */,
			);
			path = Application;
			sourceTree = "<group>";
		};
		9CE4A38528DB906D0029ECA1 /* Storyboards */ = {
			isa = PBXGroup;
			children = (
				9CE4A37328DB8B270029ECA1 /* Main.storyboard */,
			);
			path = Storyboards;
			sourceTree = "<group>";
		};
		9CE4A38628DB90770029ECA1 /* Helpers */ = {
			isa = PBXGroup;
			children = (
				9CE4A37628DB8B280029ECA1 /* Assets.xcassets */,
				9CE4A37828DB8B280029ECA1 /* LaunchScreen.storyboard */,
			);
			path = Helpers;
			sourceTree = "<group>";
		};
		9CE4A38728DB92E70029ECA1 /* Models */ = {
			isa = PBXGroup;
			children = (
				9CE4A38828DB93430029ECA1 /* Article.swift */,
			);
			path = Models;
			sourceTree = "<group>";
		};
		9CE4A38A28DB95370029ECA1 /* View */ = {
			isa = PBXGroup;
			children = (
				9CE4A38B28DB95490029ECA1 /* ArticleTableViewCell.swift */,
			);
			path = View;
			sourceTree = "<group>";
		};
		9CE4A38D28DB96F00029ECA1 /* Extensions */ = {
			isa = PBXGroup;
			children = (
				9CE4A38E28DB97060029ECA1 /* URLRequest+Rx.swift */,
			);
			path = Extensions;
			sourceTree = "<group>";
		};
		AA6C2C480C9ABE3D9D138CAF /* Frameworks */ = {
			isa = PBXGroup;
			children = (
				F4DC52D56714B2540410A4FB /* Pods_GoodNews.framework */,
			);
			name = Frameworks;
			sourceTree = "<group>";
		};
		C374DD043A8E2A41B36D14CE /* Pods */ = {
			isa = PBXGroup;
			children = (
				14039B04A4BE7F64AF922DCB /* Pods-GoodNews.debug.xcconfig */,
				64D4796A92859E27BC5F025E /* Pods-GoodNews.release.xcconfig */,
			);
			path = Pods;
			sourceTree = "<group>";
		};
/* End PBXGroup section */

/* Begin PBXNativeTarget section */
		9CE4A36928DB8B270029ECA1 /* GoodNews */ = {
			isa = PBXNativeTarget;
			buildConfigurationList = 9CE4A37E28DB8B280029ECA1 /* Build configuration list for PBXNativeTarget "GoodNews" */;
			buildPhases = (
				30A0A8597AC41F3B2496C866 /* [CP] Check Pods Manifest.lock */,
				9CE4A36628DB8B270029ECA1 /* Sources */,
				9CE4A36728DB8B270029ECA1 /* Frameworks */,
				9CE4A36828DB8B270029ECA1 /* Resources */,
				B698F23A2BA32941030E69D4 /* [CP] Embed Pods Frameworks */,
			);
			buildRules = (
			);
			dependencies = (
			);
			name = GoodNews;
			productName = GoodNews;
			productReference = 9CE4A36A28DB8B270029ECA1 /* GoodNews.app */;
			productType = "com.apple.product-type.application";
		};
/* End PBXNativeTarget section */

/* Begin PBXProject section */
		9CE4A36228DB8B270029ECA1 /* Project object */ = {
			isa = PBXProject;
			attributes = {
				BuildIndependentTargetsInParallel = 1;
				LastSwiftUpdateCheck = 1400;
				LastUpgradeCheck = 1400;
				TargetAttributes = {
					9CE4A36928DB8B270029ECA1 = {
						CreatedOnToolsVersion = 14.0;
					};
				};
			};
			buildConfigurationList = 9CE4A36528DB8B270029ECA1 /* Build configuration list for PBXProject "GoodNews" */;
			compatibilityVersion = "Xcode 13.0";
			developmentRegion = en;
			hasScannedForEncodings = 0;
			knownRegions = (
				en,
				Base,
			);
			mainGroup = 9CE4A36128DB8B270029ECA1;
			productRefGroup = 9CE4A36B28DB8B270029ECA1 /* Products */;
			projectDirPath = "";
			projectRoot = "";
			targets = (
				9CE4A36928DB8B270029ECA1 /* GoodNews */,
			);
		};
/* End PBXProject section */

/* Begin PBXResourcesBuildPhase section */
		9CE4A36828DB8B270029ECA1 /* Resources */ = {
			isa = PBXResourcesBuildPhase;
			buildActionMask = 2147483647;
			files = (
				9CE4A37A28DB8B280029ECA1 /* LaunchScreen.storyboard in Resources */,
				9CE4A37728DB8B280029ECA1 /* Assets.xcassets in Resources */,
				9CE4A37528DB8B270029ECA1 /* Main.storyboard in Resources */,
			);
			runOnlyForDeploymentPostprocessing = 0;
		};
/* End PBXResourcesBuildPhase section */

/* Begin PBXShellScriptBuildPhase section */
		30A0A8597AC41F3B2496C866 /* [CP] Check Pods Manifest.lock */ = {
			isa = PBXShellScriptBuildPhase;
			buildActionMask = 2147483647;
			files = (
			);
			inputFileListPaths = (
			);
			inputPaths = (
				"${PODS_PODFILE_DIR_PATH}/Podfile.lock",
				"${PODS_ROOT}/Manifest.lock",
			);
			name = "[CP] Check Pods Manifest.lock";
			outputFileListPaths = (
			);
			outputPaths = (
				"$(DERIVED_FILE_DIR)/Pods-GoodNews-checkManifestLockResult.txt",
			);
			runOnlyForDeploymentPostprocessing = 0;
			shellPath = /bin/sh;
			shellScript = "diff \"${PODS_PODFILE_DIR_PATH}/Podfile.lock\" \"${PODS_ROOT}/Manifest.lock\" > /dev/null\nif [ $? != 0 ] ; then\n    # print error to STDERR\n    echo \"error: The sandbox is not in sync with the Podfile.lock. Run 'pod install' or update your CocoaPods installation.\" >&2\n    exit 1\nfi\n# This output is used by Xcode 'outputs' to avoid re-running this script phase.\necho \"SUCCESS\" > \"${SCRIPT_OUTPUT_FILE_0}\"\n";
			showEnvVarsInLog = 0;
		};
		B698F23A2BA32941030E69D4 /* [CP] Embed Pods Frameworks */ = {
			isa = PBXShellScriptBuildPhase;
			buildActionMask = 2147483647;
			files = (
			);
			inputFileListPaths = (
				"${PODS_ROOT}/Target Support Files/Pods-GoodNews/Pods-GoodNews-frameworks-${CONFIGURATION}-input-files.xcfilelist",
			);
			name = "[CP] Embed Pods Frameworks";
			outputFileListPaths = (
				"${PODS_ROOT}/Target Support Files/Pods-GoodNews/Pods-GoodNews-frameworks-${CONFIGURATION}-output-files.xcfilelist",
			);
			runOnlyForDeploymentPostprocessing = 0;
			shellPath = /bin/sh;
			shellScript = "\"${PODS_ROOT}/Target Support Files/Pods-GoodNews/Pods-GoodNews-frameworks.sh\"\n";
			showEnvVarsInLog = 0;
		};
/* End PBXShellScriptBuildPhase section */

/* Begin PBXSourcesBuildPhase section */
		9CE4A36628DB8B270029ECA1 /* Sources */ = {
			isa = PBXSourcesBuildPhase;
			buildActionMask = 2147483647;
			files = (
				9CE4A38C28DB95490029ECA1 /* ArticleTableViewCell.swift in Sources */,
				9CE4A38F28DB97060029ECA1 /* URLRequest+Rx.swift in Sources */,
				9CE4A38928DB93430029ECA1 /* Article.swift in Sources */,
				9CE4A38328DB8CB30029ECA1 /* NewsViewController.swift in Sources */,
				9CE4A36E28DB8B270029ECA1 /* AppDelegate.swift in Sources */,
				9CE4A37028DB8B270029ECA1 /* SceneDelegate.swift in Sources */,
			);
			runOnlyForDeploymentPostprocessing = 0;
		};
/* End PBXSourcesBuildPhase section */

/* Begin PBXVariantGroup section */
		9CE4A37328DB8B270029ECA1 /* Main.storyboard */ = {
			isa = PBXVariantGroup;
			children = (
				9CE4A37428DB8B270029ECA1 /* Base */,
			);
			name = Main.storyboard;
			sourceTree = "<group>";
		};
		9CE4A37828DB8B280029ECA1 /* LaunchScreen.storyboard */ = {
			isa = PBXVariantGroup;
			children = (
				9CE4A37928DB8B280029ECA1 /* Base */,
			);
			name = LaunchScreen.storyboard;
			sourceTree = "<group>";
		};
/* End PBXVariantGroup section */

/* Begin XCBuildConfiguration section */
		9CE4A37C28DB8B280029ECA1 /* Debug */ = {
			isa = XCBuildConfiguration;
			buildSettings = {
				ALWAYS_SEARCH_USER_PATHS = NO;
				CLANG_ANALYZER_NONNULL = YES;
				CLANG_ANALYZER_NUMBER_OBJECT_CONVERSION = YES_AGGRESSIVE;
				CLANG_CXX_LANGUAGE_STANDARD = "gnu++20";
				CLANG_ENABLE_MODULES = YES;
				CLANG_ENABLE_OBJC_ARC = YES;
				CLANG_ENABLE_OBJC_WEAK = YES;
				CLANG_WARN_BLOCK_CAPTURE_AUTORELEASING = YES;
				CLANG_WARN_BOOL_CONVERSION = YES;
				CLANG_WARN_COMMA = YES;
				CLANG_WARN_CONSTANT_CONVERSION = YES;
				CLANG_WARN_DEPRECATED_OBJC_IMPLEMENTATIONS = YES;
				CLANG_WARN_DIRECT_OBJC_ISA_USAGE = YES_ERROR;
				CLANG_WARN_DOCUMENTATION_COMMENTS = YES;
				CLANG_WARN_EMPTY_BODY = YES;
				CLANG_WARN_ENUM_CONVERSION = YES;
				CLANG_WARN_INFINITE_RECURSION = YES;
				CLANG_WARN_INT_CONVERSION = YES;
				CLANG_WARN_NON_LITERAL_NULL_CONVERSION = YES;
				CLANG_WARN_OBJC_IMPLICIT_RETAIN_SELF = YES;
				CLANG_WARN_OBJC_LITERAL_CONVERSION = YES;
				CLANG_WARN_OBJC_ROOT_CLASS = YES_ERROR;
				CLANG_WARN_QUOTED_INCLUDE_IN_FRAMEWORK_HEADER = YES;
				CLANG_WARN_RANGE_LOOP_ANALYSIS = YES;
				CLANG_WARN_STRICT_PROTOTYPES = YES;
				CLANG_WARN_SUSPICIOUS_MOVE = YES;
				CLANG_WARN_UNGUARDED_AVAILABILITY = YES_AGGRESSIVE;
				CLANG_WARN_UNREACHABLE_CODE = YES;
				CLANG_WARN__DUPLICATE_METHOD_MATCH = YES;
				COPY_PHASE_STRIP = NO;
				DEBUG_INFORMATION_FORMAT = dwarf;
				ENABLE_STRICT_OBJC_MSGSEND = YES;
				ENABLE_TESTABILITY = YES;
				GCC_C_LANGUAGE_STANDARD = gnu11;
				GCC_DYNAMIC_NO_PIC = NO;
				GCC_NO_COMMON_BLOCKS = YES;
				GCC_OPTIMIZATION_LEVEL = 0;
				GCC_PREPROCESSOR_DEFINITIONS = (
					"DEBUG=1",
					"$(inherited)",
				);
				GCC_WARN_64_TO_32_BIT_CONVERSION = YES;
				GCC_WARN_ABOUT_RETURN_TYPE = YES_ERROR;
				GCC_WARN_UNDECLARED_SELECTOR = YES;
				GCC_WARN_UNINITIALIZED_AUTOS = YES_AGGRESSIVE;
				GCC_WARN_UNUSED_FUNCTION = YES;
				GCC_WARN_UNUSED_VARIABLE = YES;
				IPHONEOS_DEPLOYMENT_TARGET = 16.0;
				MTL_ENABLE_DEBUG_INFO = INCLUDE_SOURCE;
				MTL_FAST_MATH = YES;
				ONLY_ACTIVE_ARCH = YES;
				SDKROOT = iphoneos;
				SWIFT_ACTIVE_COMPILATION_CONDITIONS = DEBUG;
				SWIFT_OPTIMIZATION_LEVEL = "-Onone";
			};
			name = Debug;
		};
		9CE4A37D28DB8B280029ECA1 /* Release */ = {
			isa = XCBuildConfiguration;
			buildSettings = {
				ALWAYS_SEARCH_USER_PATHS = NO;
				CLANG_ANALYZER_NONNULL = YES;
				CLANG_ANALYZER_NUMBER_OBJECT_CONVERSION = YES_AGGRESSIVE;
				CLANG_CXX_LANGUAGE_STANDARD = "gnu++20";
				CLANG_ENABLE_MODULES = YES;
				CLANG_ENABLE_OBJC_ARC = YES;
				CLANG_ENABLE_OBJC_WEAK = YES;
				CLANG_WARN_BLOCK_CAPTURE_AUTORELEASING = YES;
				CLANG_WARN_BOOL_CONVERSION = YES;
				CLANG_WARN_COMMA = YES;
				CLANG_WARN_CONSTANT_CONVERSION = YES;
				CLANG_WARN_DEPRECATED_OBJC_IMPLEMENTATIONS = YES;
				CLANG_WARN_DIRECT_OBJC_ISA_USAGE = YES_ERROR;
				CLANG_WARN_DOCUMENTATION_COMMENTS = YES;
				CLANG_WARN_EMPTY_BODY = YES;
				CLANG_WARN_ENUM_CONVERSION = YES;
				CLANG_WARN_INFINITE_RECURSION = YES;
				CLANG_WARN_INT_CONVERSION = YES;
				CLANG_WARN_NON_LITERAL_NULL_CONVERSION = YES;
				CLANG_WARN_OBJC_IMPLICIT_RETAIN_SELF = YES;
				CLANG_WARN_OBJC_LITERAL_CONVERSION = YES;
				CLANG_WARN_OBJC_ROOT_CLASS = YES_ERROR;
				CLANG_WARN_QUOTED_INCLUDE_IN_FRAMEWORK_HEADER = YES;
				CLANG_WARN_RANGE_LOOP_ANALYSIS = YES;
				CLANG_WARN_STRICT_PROTOTYPES = YES;
				CLANG_WARN_SUSPICIOUS_MOVE = YES;
				CLANG_WARN_UNGUARDED_AVAILABILITY = YES_AGGRESSIVE;
				CLANG_WARN_UNREACHABLE_CODE = YES;
				CLANG_WARN__DUPLICATE_METHOD_MATCH = YES;
				COPY_PHASE_STRIP = NO;
				DEBUG_INFORMATION_FORMAT = "dwarf-with-dsym";
				ENABLE_NS_ASSERTIONS = NO;
				ENABLE_STRICT_OBJC_MSGSEND = YES;
				GCC_C_LANGUAGE_STANDARD = gnu11;
				GCC_NO_COMMON_BLOCKS = YES;
				GCC_WARN_64_TO_32_BIT_CONVERSION = YES;
				GCC_WARN_ABOUT_RETURN_TYPE = YES_ERROR;
				GCC_WARN_UNDECLARED_SELECTOR = YES;
				GCC_WARN_UNINITIALIZED_AUTOS = YES_AGGRESSIVE;
				GCC_WARN_UNUSED_FUNCTION = YES;
				GCC_WARN_UNUSED_VARIABLE = YES;
				IPHONEOS_DEPLOYMENT_TARGET = 16.0;
				MTL_ENABLE_DEBUG_INFO = NO;
				MTL_FAST_MATH = YES;
				SDKROOT = iphoneos;
				SWIFT_COMPILATION_MODE = wholemodule;
				SWIFT_OPTIMIZATION_LEVEL = "-O";
				VALIDATE_PRODUCT = YES;
			};
			name = Release;
		};
		9CE4A37F28DB8B280029ECA1 /* Debug */ = {
			isa = XCBuildConfiguration;
			baseConfigurationReference = 14039B04A4BE7F64AF922DCB /* Pods-GoodNews.debug.xcconfig */;
			buildSettings = {
				ASSETCATALOG_COMPILER_APPICON_NAME = AppIcon;
				ASSETCATALOG_COMPILER_GLOBAL_ACCENT_COLOR_NAME = AccentColor;
				CODE_SIGN_STYLE = Automatic;
				CURRENT_PROJECT_VERSION = 1;
				DEVELOPMENT_TEAM = 7XP9H5G8CF;
				GENERATE_INFOPLIST_FILE = YES;
				INFOPLIST_FILE = GoodNews/Info.plist;
				INFOPLIST_KEY_UIApplicationSupportsIndirectInputEvents = YES;
				INFOPLIST_KEY_UILaunchStoryboardName = LaunchScreen;
				INFOPLIST_KEY_UIMainStoryboardFile = Main;
				INFOPLIST_KEY_UIStatusBarStyle = UIStatusBarStyleLightContent;
				INFOPLIST_KEY_UISupportedInterfaceOrientations_iPad = "UIInterfaceOrientationPortrait UIInterfaceOrientationPortraitUpsideDown UIInterfaceOrientationLandscapeLeft UIInterfaceOrientationLandscapeRight";
				INFOPLIST_KEY_UISupportedInterfaceOrientations_iPhone = "UIInterfaceOrientationPortrait UIInterfaceOrientationLandscapeLeft UIInterfaceOrientationLandscapeRight";
				LD_RUNPATH_SEARCH_PATHS = (
					"$(inherited)",
					"@executable_path/Frameworks",
				);
				MARKETING_VERSION = 1.0;
				PRODUCT_BUNDLE_IDENTIFIER = com.underscoreow.GoodNews;
				PRODUCT_NAME = "$(TARGET_NAME)";
				SWIFT_EMIT_LOC_STRINGS = YES;
				SWIFT_VERSION = 5.0;
				TARGETED_DEVICE_FAMILY = "1,2";
			};
			name = Debug;
		};
		9CE4A38028DB8B280029ECA1 /* Release */ = {
			isa = XCBuildConfiguration;
			baseConfigurationReference = 64D4796A92859E27BC5F025E /* Pods-GoodNews.release.xcconfig */;
			buildSettings = {
				ASSETCATALOG_COMPILER_APPICON_NAME = AppIcon;
				ASSETCATALOG_COMPILER_GLOBAL_ACCENT_COLOR_NAME = AccentColor;
				CODE_SIGN_STYLE = Automatic;
				CURRENT_PROJECT_VERSION = 1;
				DEVELOPMENT_TEAM = 7XP9H5G8CF;
				GENERATE_INFOPLIST_FILE = YES;
				INFOPLIST_FILE = GoodNews/Info.plist;
				INFOPLIST_KEY_UIApplicationSupportsIndirectInputEvents = YES;
				INFOPLIST_KEY_UILaunchStoryboardName = LaunchScreen;
				INFOPLIST_KEY_UIMainStoryboardFile = Main;
				INFOPLIST_KEY_UIStatusBarStyle = UIStatusBarStyleLightContent;
				INFOPLIST_KEY_UISupportedInterfaceOrientations_iPad = "UIInterfaceOrientationPortrait UIInterfaceOrientationPortraitUpsideDown UIInterfaceOrientationLandscapeLeft UIInterfaceOrientationLandscapeRight";
				INFOPLIST_KEY_UISupportedInterfaceOrientations_iPhone = "UIInterfaceOrientationPortrait UIInterfaceOrientationLandscapeLeft UIInterfaceOrientationLandscapeRight";
				LD_RUNPATH_SEARCH_PATHS = (
					"$(inherited)",
					"@executable_path/Frameworks",
				);
				MARKETING_VERSION = 1.0;
				PRODUCT_BUNDLE_IDENTIFIER = com.underscoreow.GoodNews;
				PRODUCT_NAME = "$(TARGET_NAME)";
				SWIFT_EMIT_LOC_STRINGS = YES;
				SWIFT_VERSION = 5.0;
				TARGETED_DEVICE_FAMILY = "1,2";
			};
			name = Release;
		};
/* End XCBuildConfiguration section */

/* Begin XCConfigurationList section */
		9CE4A36528DB8B270029ECA1 /* Build configuration list for PBXProject "GoodNews" */ = {
			isa = XCConfigurationList;
			buildConfigurations = (
				9CE4A37C28DB8B280029ECA1 /* Debug */,
				9CE4A37D28DB8B280029ECA1 /* Release */,
			);
			defaultConfigurationIsVisible = 0;
			defaultConfigurationName = Release;
		};
		9CE4A37E28DB8B280029ECA1 /* Build configuration list for PBXNativeTarget "GoodNews" */ = {
			isa = XCConfigurationList;
			buildConfigurations = (
				9CE4A37F28DB8B280029ECA1 /* Debug */,
				9CE4A38028DB8B280029ECA1 /* Release */,
			);
			defaultConfigurationIsVisible = 0;
			defaultConfigurationName = Release;
		};
/* End XCConfigurationList section */
	};
	rootObject = 9CE4A36228DB8B270029ECA1 /* Project object */;
}
